// !$*UTF8*$!
{
	archiveVersion = 1;
	classes = {
	};
	objectVersion = 56;
	objects = {

/* Begin PBXBuildFile section */
		4294336A291EE1B80093F948 /* logininterfaceApp.swift in Sources */ = {isa = PBXBuildFile; fileRef = 42943369291EE1B80093F948 /* logininterfaceApp.swift */; };
		4294336C291EE1B80093F948 /* ContentView.swift in Sources */ = {isa = PBXBuildFile; fileRef = 4294336B291EE1B80093F948 /* ContentView.swift */; };
		4294336E291EE1BA0093F948 /* Assets.xcassets in Resources */ = {isa = PBXBuildFile; fileRef = 4294336D291EE1BA0093F948 /* Assets.xcassets */; };
		42943371291EE1BA0093F948 /* Preview Assets.xcassets in Resources */ = {isa = PBXBuildFile; fileRef = 42943370291EE1BA0093F948 /* Preview Assets.xcassets */; };
		4294337B291EE1BA0093F948 /* logininterfaceTests.swift in Sources */ = {isa = PBXBuildFile; fileRef = 4294337A291EE1BA0093F948 /* logininterfaceTests.swift */; };
		42943385291EE1BA0093F948 /* logininterfaceUITests.swift in Sources */ = {isa = PBXBuildFile; fileRef = 42943384291EE1BA0093F948 /* logininterfaceUITests.swift */; };
		42943387291EE1BA0093F948 /* logininterfaceUITestsLaunchTests.swift in Sources */ = {isa = PBXBuildFile; fileRef = 42943386291EE1BA0093F948 /* logininterfaceUITestsLaunchTests.swift */; };
/* End PBXBuildFile section */

/* Begin PBXContainerItemProxy section */
		42943377291EE1BA0093F948 /* PBXContainerItemProxy */ = {
			isa = PBXContainerItemProxy;
			containerPortal = 4294335E291EE1B80093F948 /* Project object */;
			proxyType = 1;
			remoteGlobalIDString = 42943365291EE1B80093F948;
			remoteInfo = logininterface;
		};
		42943381291EE1BA0093F948 /* PBXContainerItemProxy */ = {
			isa = PBXContainerItemProxy;
			containerPortal = 4294335E291EE1B80093F948 /* Project object */;
			proxyType = 1;
			remoteGlobalIDString = 42943365291EE1B80093F948;
			remoteInfo = logininterface;
		};
/* End PBXContainerItemProxy section */

/* Begin PBXFileReference section */
		42943366291EE1B80093F948 /* logininterface.app */ = {isa = PBXFileReference; explicitFileType = wrapper.application; includeInIndex = 0; path = logininterface.app; sourceTree = BUILT_PRODUCTS_DIR; };
		42943369291EE1B80093F948 /* logininterfaceApp.swift */ = {isa = PBXFileReference; lastKnownFileType = sourcecode.swift; path = logininterfaceApp.swift; sourceTree = "<group>"; };
		4294336B291EE1B80093F948 /* ContentView.swift */ = {isa = PBXFileReference; lastKnownFileType = sourcecode.swift; path = ContentView.swift; sourceTree = "<group>"; };
		4294336D291EE1BA0093F948 /* Assets.xcassets */ = {isa = PBXFileReference; lastKnownFileType = folder.assetcatalog; path = Assets.xcassets; sourceTree = "<group>"; };
		42943370291EE1BA0093F948 /* Preview Assets.xcassets */ = {isa = PBXFileReference; lastKnownFileType = folder.assetcatalog; path = "Preview Assets.xcassets"; sourceTree = "<group>"; };
		42943376291EE1BA0093F948 /* logininterfaceTests.xctest */ = {isa = PBXFileReference; explicitFileType = wrapper.cfbundle; includeInIndex = 0; path = logininterfaceTests.xctest; sourceTree = BUILT_PRODUCTS_DIR; };
		4294337A291EE1BA0093F948 /* logininterfaceTests.swift */ = {isa = PBXFileReference; lastKnownFileType = sourcecode.swift; path = logininterfaceTests.swift; sourceTree = "<group>"; };
		42943380291EE1BA0093F948 /* logininterfaceUITests.xctest */ = {isa = PBXFileReference; explicitFileType = wrapper.cfbundle; includeInIndex = 0; path = logininterfaceUITests.xctest; sourceTree = BUILT_PRODUCTS_DIR; };
		42943384291EE1BA0093F948 /* logininterfaceUITests.swift */ = {isa = PBXFileReference; lastKnownFileType = sourcecode.swift; path = logininterfaceUITests.swift; sourceTree = "<group>"; };
		42943386291EE1BA0093F948 /* logininterfaceUITestsLaunchTests.swift */ = {isa = PBXFileReference; lastKnownFileType = sourcecode.swift; path = logininterfaceUITestsLaunchTests.swift; sourceTree = "<group>"; };
/* End PBXFileReference section */

/* Begin PBXFrameworksBuildPhase section */
		42943363291EE1B80093F948 /* Frameworks */ = {
			isa = PBXFrameworksBuildPhase;
			buildActionMask = 2147483647;
			files = (
			);
			runOnlyForDeploymentPostprocessing = 0;
		};
		42943373291EE1BA0093F948 /* Frameworks */ = {
			isa = PBXFrameworksBuildPhase;
			buildActionMask = 2147483647;
			files = (
			);
			runOnlyForDeploymentPostprocessing = 0;
		};
		4294337D291EE1BA0093F948 /* Frameworks */ = {
			isa = PBXFrameworksBuildPhase;
			buildActionMask = 2147483647;
			files = (
			);
			runOnlyForDeploymentPostprocessing = 0;
		};
/* End PBXFrameworksBuildPhase section */

/* Begin PBXGroup section */
		4294335D291EE1B80093F948 = {
			isa = PBXGroup;
			children = (
				42943368291EE1B80093F948 /* logininterface */,
				42943379291EE1BA0093F948 /* logininterfaceTests */,
				42943383291EE1BA0093F948 /* logininterfaceUITests */,
				42943367291EE1B80093F948 /* Products */,
			);
			sourceTree = "<group>";
		};
		42943367291EE1B80093F948 /* Products */ = {
			isa = PBXGroup;
			children = (
				42943366291EE1B80093F948 /* logininterface.app */,
				42943376291EE1BA0093F948 /* logininterfaceTests.xctest */,
				42943380291EE1BA0093F948 /* logininterfaceUITests.xctest */,
			);
			name = Products;
			sourceTree = "<group>";
		};
		42943368291EE1B80093F948 /* logininterface */ = {
			isa = PBXGroup;
			children = (
				42943369291EE1B80093F948 /* logininterfaceApp.swift */,
				4294336B291EE1B80093F948 /* ContentView.swift */,
				4294336D291EE1BA0093F948 /* Assets.xcassets */,
				4294336F291EE1BA0093F948 /* Preview Content */,
			);
			path = logininterface;
			sourceTree = "<group>";
		};
		4294336F291EE1BA0093F948 /* Preview Content */ = {
			isa = PBXGroup;
			children = (
				42943370291EE1BA0093F948 /* Preview Assets.xcassets */,
			);
			path = "Preview Content";
			sourceTree = "<group>";
		};
		42943379291EE1BA0093F948 /* logininterfaceTests */ = {
			isa = PBXGroup;
			children = (
				4294337A291EE1BA0093F948 /* logininterfaceTests.swift */,
			);
			path = logininterfaceTests;
			sourceTree = "<group>";
		};
		42943383291EE1BA0093F948 /* logininterfaceUITests */ = {
			isa = PBXGroup;
			children = (
				42943384291EE1BA0093F948 /* logininterfaceUITests.swift */,
				42943386291EE1BA0093F948 /* logininterfaceUITestsLaunchTests.swift */,
			);
			path = logininterfaceUITests;
			sourceTree = "<group>";
		};
/* End PBXGroup section */

/* Begin PBXNativeTarget section */
		42943365291EE1B80093F948 /* logininterface */ = {
			isa = PBXNativeTarget;
			buildConfigurationList = 4294338A291EE1BA0093F948 /* Build configuration list for PBXNativeTarget "logininterface" */;
			buildPhases = (
				42943362291EE1B80093F948 /* Sources */,
				42943363291EE1B80093F948 /* Frameworks */,
				42943364291EE1B80093F948 /* Resources */,
			);
			buildRules = (
			);
			dependencies = (
			);
			name = logininterface;
			productName = logininterface;
			productReference = 42943366291EE1B80093F948 /* logininterface.app */;
			productType = "com.apple.product-type.application";
		};
		42943375291EE1BA0093F948 /* logininterfaceTests */ = {
			isa = PBXNativeTarget;
			buildConfigurationList = 4294338D291EE1BA0093F948 /* Build configuration list for PBXNativeTarget "logininterfaceTests" */;
			buildPhases = (
				42943372291EE1BA0093F948 /* Sources */,
				42943373291EE1BA0093F948 /* Frameworks */,
				42943374291EE1BA0093F948 /* Resources */,
			);
			buildRules = (
			);
			dependencies = (
				42943378291EE1BA0093F948 /* PBXTargetDependency */,
			);
			name = logininterfaceTests;
			productName = logininterfaceTests;
			productReference = 42943376291EE1BA0093F948 /* logininterfaceTests.xctest */;
			productType = "com.apple.product-type.bundle.unit-test";
		};
		4294337F291EE1BA0093F948 /* logininterfaceUITests */ = {
			isa = PBXNativeTarget;
			buildConfigurationList = 42943390291EE1BA0093F948 /* Build configuration list for PBXNativeTarget "logininterfaceUITests" */;
			buildPhases = (
				4294337C291EE1BA0093F948 /* Sources */,
				4294337D291EE1BA0093F948 /* Frameworks */,
				4294337E291EE1BA0093F948 /* Resources */,
			);
			buildRules = (
			);
			dependencies = (
				42943382291EE1BA0093F948 /* PBXTargetDependency */,
			);
			name = logininterfaceUITests;
			productName = logininterfaceUITests;
			productReference = 42943380291EE1BA0093F948 /* logininterfaceUITests.xctest */;
			productType = "com.apple.product-type.bundle.ui-testing";
		};
/* End PBXNativeTarget section */

/* Begin PBXProject section */
		4294335E291EE1B80093F948 /* Project object */ = {
			isa = PBXProject;
			attributes = {
				BuildIndependentTargetsInParallel = 1;
				LastSwiftUpdateCheck = 1410;
				LastUpgradeCheck = 1410;
				TargetAttributes = {
					42943365291EE1B80093F948 = {
						CreatedOnToolsVersion = 14.1;
					};
					42943375291EE1BA0093F948 = {
						CreatedOnToolsVersion = 14.1;
						TestTargetID = 42943365291EE1B80093F948;
					};
					4294337F291EE1BA0093F948 = {
						CreatedOnToolsVersion = 14.1;
						TestTargetID = 42943365291EE1B80093F948;
					};
				};
			};
			buildConfigurationList = 42943361291EE1B80093F948 /* Build configuration list for PBXProject "logininterface" */;
			compatibilityVersion = "Xcode 14.0";
			developmentRegion = en;
			hasScannedForEncodings = 0;
			knownRegions = (
				en,
				Base,
			);
			mainGroup = 4294335D291EE1B80093F948;
			productRefGroup = 42943367291EE1B80093F948 /* Products */;
			projectDirPath = "";
			projectRoot = "";
			targets = (
				42943365291EE1B80093F948 /* logininterface */,
				42943375291EE1BA0093F948 /* logininterfaceTests */,
				4294337F291EE1BA0093F948 /* logininterfaceUITests */,
			);
		};
/* End PBXProject section */

/* Begin PBXResourcesBuildPhase section */
		42943364291EE1B80093F948 /* Resources */ = {
			isa = PBXResourcesBuildPhase;
			buildActionMask = 2147483647;
			files = (
				42943371291EE1BA0093F948 /* Preview Assets.xcassets in Resources */,
				4294336E291EE1BA0093F948 /* Assets.xcassets in Resources */,
			);
			runOnlyForDeploymentPostprocessing = 0;
		};
		42943374291EE1BA0093F948 /* Resources */ = {
			isa = PBXResourcesBuildPhase;
			buildActionMask = 2147483647;
			files = (
			);
			runOnlyForDeploymentPostprocessing = 0;
		};
		4294337E291EE1BA0093F948 /* Resources */ = {
			isa = PBXResourcesBuildPhase;
			buildActionMask = 2147483647;
			files = (
			);
			runOnlyForDeploymentPostprocessing = 0;
		};
/* End PBXResourcesBuildPhase section */

/* Begin PBXSourcesBuildPhase section */
		42943362291EE1B80093F948 /* Sources */ = {
			isa = PBXSourcesBuildPhase;
			buildActionMask = 2147483647;
			files = (
				4294336C291EE1B80093F948 /* ContentView.swift in Sources */,
				4294336A291EE1B80093F948 /* logininterfaceApp.swift in Sources */,
			);
			runOnlyForDeploymentPostprocessing = 0;
		};
		42943372291EE1BA0093F948 /* Sources */ = {
			isa = PBXSourcesBuildPhase;
			buildActionMask = 2147483647;
			files = (
				4294337B291EE1BA0093F948 /* logininterfaceTests.swift in Sources */,
			);
			runOnlyForDeploymentPostprocessing = 0;
		};
		4294337C291EE1BA0093F948 /* Sources */ = {
			isa = PBXSourcesBuildPhase;
			buildActionMask = 2147483647;
			files = (
				42943387291EE1BA0093F948 /* logininterfaceUITestsLaunchTests.swift in Sources */,
				42943385291EE1BA0093F948 /* logininterfaceUITests.swift in Sources */,
			);
			runOnlyForDeploymentPostprocessing = 0;
		};
/* End PBXSourcesBuildPhase section */

/* Begin PBXTargetDependency section */
		42943378291EE1BA0093F948 /* PBXTargetDependency */ = {
			isa = PBXTargetDependency;
			target = 42943365291EE1B80093F948 /* logininterface */;
			targetProxy = 42943377291EE1BA0093F948 /* PBXContainerItemProxy */;
		};
		42943382291EE1BA0093F948 /* PBXTargetDependency */ = {
			isa = PBXTargetDependency;
			target = 42943365291EE1B80093F948 /* logininterface */;
			targetProxy = 42943381291EE1BA0093F948 /* PBXContainerItemProxy */;
		};
/* End PBXTargetDependency section */

/* Begin XCBuildConfiguration section */
		42943388291EE1BA0093F948 /* Debug */ = {
			isa = XCBuildConfiguration;
			buildSettings = {
				ALWAYS_SEARCH_USER_PATHS = NO;
				CLANG_ANALYZER_NONNULL = YES;
				CLANG_ANALYZER_NUMBER_OBJECT_CONVERSION = YES_AGGRESSIVE;
				CLANG_CXX_LANGUAGE_STANDARD = "gnu++20";
				CLANG_ENABLE_MODULES = YES;
				CLANG_ENABLE_OBJC_ARC = YES;
				CLANG_ENABLE_OBJC_WEAK = YES;
				CLANG_WARN_BLOCK_CAPTURE_AUTORELEASING = YES;
				CLANG_WARN_BOOL_CONVERSION = YES;
				CLANG_WARN_COMMA = YES;
				CLANG_WARN_CONSTANT_CONVERSION = YES;
				CLANG_WARN_DEPRECATED_OBJC_IMPLEMENTATIONS = YES;
				CLANG_WARN_DIRECT_OBJC_ISA_USAGE = YES_ERROR;
				CLANG_WARN_DOCUMENTATION_COMMENTS = YES;
				CLANG_WARN_EMPTY_BODY = YES;
				CLANG_WARN_ENUM_CONVERSION = YES;
				CLANG_WARN_INFINITE_RECURSION = YES;
				CLANG_WARN_INT_CONVERSION = YES;
				CLANG_WARN_NON_LITERAL_NULL_CONVERSION = YES;
				CLANG_WARN_OBJC_IMPLICIT_RETAIN_SELF = YES;
				CLANG_WARN_OBJC_LITERAL_CONVERSION = YES;
				CLANG_WARN_OBJC_ROOT_CLASS = YES_ERROR;
				CLANG_WARN_QUOTED_INCLUDE_IN_FRAMEWORK_HEADER = YES;
				CLANG_WARN_RANGE_LOOP_ANALYSIS = YES;
				CLANG_WARN_STRICT_PROTOTYPES = YES;
				CLANG_WARN_SUSPICIOUS_MOVE = YES;
				CLANG_WARN_UNGUARDED_AVAILABILITY = YES_AGGRESSIVE;
				CLANG_WARN_UNREACHABLE_CODE = YES;
				CLANG_WARN__DUPLICATE_METHOD_MATCH = YES;
				COPY_PHASE_STRIP = NO;
				DEBUG_INFORMATION_FORMAT = dwarf;
				ENABLE_STRICT_OBJC_MSGSEND = YES;
				ENABLE_TESTABILITY = YES;
				GCC_C_LANGUAGE_STANDARD = gnu11;
				GCC_DYNAMIC_NO_PIC = NO;
				GCC_NO_COMMON_BLOCKS = YES;
				GCC_OPTIMIZATION_LEVEL = 0;
				GCC_PREPROCESSOR_DEFINITIONS = (
					"DEBUG=1",
					"$(inherited)",
				);
				GCC_WARN_64_TO_32_BIT_CONVERSION = YES;
				GCC_WARN_ABOUT_RETURN_TYPE = YES_ERROR;
				GCC_WARN_UNDECLARED_SELECTOR = YES;
				GCC_WARN_UNINITIALIZED_AUTOS = YES_AGGRESSIVE;
				GCC_WARN_UNUSED_FUNCTION = YES;
				GCC_WARN_UNUSED_VARIABLE = YES;
				IPHONEOS_DEPLOYMENT_TARGET = 16.1;
				MTL_ENABLE_DEBUG_INFO = INCLUDE_SOURCE;
				MTL_FAST_MATH = YES;
				ONLY_ACTIVE_ARCH = YES;
				SDKROOT = iphoneos;
				SWIFT_ACTIVE_COMPILATION_CONDITIONS = DEBUG;
				SWIFT_OPTIMIZATION_LEVEL = "-Onone";
			};
			name = Debug;
		};
		42943389291EE1BA0093F948 /* Release */ = {
			isa = XCBuildConfiguration;
			buildSettings = {
				ALWAYS_SEARCH_USER_PATHS = NO;
				CLANG_ANALYZER_NONNULL = YES;
				CLANG_ANALYZER_NUMBER_OBJECT_CONVERSION = YES_AGGRESSIVE;
				CLANG_CXX_LANGUAGE_STANDARD = "gnu++20";
				CLANG_ENABLE_MODULES = YES;
				CLANG_ENABLE_OBJC_ARC = YES;
				CLANG_ENABLE_OBJC_WEAK = YES;
				CLANG_WARN_BLOCK_CAPTURE_AUTORELEASING = YES;
				CLANG_WARN_BOOL_CONVERSION = YES;
				CLANG_WARN_COMMA = YES;
				CLANG_WARN_CONSTANT_CONVERSION = YES;
				CLANG_WARN_DEPRECATED_OBJC_IMPLEMENTATIONS = YES;
				CLANG_WARN_DIRECT_OBJC_ISA_USAGE = YES_ERROR;
				CLANG_WARN_DOCUMENTATION_COMMENTS = YES;
				CLANG_WARN_EMPTY_BODY = YES;
				CLANG_WARN_ENUM_CONVERSION = YES;
				CLANG_WARN_INFINITE_RECURSION = YES;
				CLANG_WARN_INT_CONVERSION = YES;
				CLANG_WARN_NON_LITERAL_NULL_CONVERSION = YES;
				CLANG_WARN_OBJC_IMPLICIT_RETAIN_SELF = YES;
				CLANG_WARN_OBJC_LITERAL_CONVERSION = YES;
				CLANG_WARN_OBJC_ROOT_CLASS = YES_ERROR;
				CLANG_WARN_QUOTED_INCLUDE_IN_FRAMEWORK_HEADER = YES;
				CLANG_WARN_RANGE_LOOP_ANALYSIS = YES;
				CLANG_WARN_STRICT_PROTOTYPES = YES;
				CLANG_WARN_SUSPICIOUS_MOVE = YES;
				CLANG_WARN_UNGUARDED_AVAILABILITY = YES_AGGRESSIVE;
				CLANG_WARN_UNREACHABLE_CODE = YES;
				CLANG_WARN__DUPLICATE_METHOD_MATCH = YES;
				COPY_PHASE_STRIP = NO;
				DEBUG_INFORMATION_FORMAT = "dwarf-with-dsym";
				ENABLE_NS_ASSERTIONS = NO;
				ENABLE_STRICT_OBJC_MSGSEND = YES;
				GCC_C_LANGUAGE_STANDARD = gnu11;
				GCC_NO_COMMON_BLOCKS = YES;
				GCC_WARN_64_TO_32_BIT_CONVERSION = YES;
				GCC_WARN_ABOUT_RETURN_TYPE = YES_ERROR;
				GCC_WARN_UNDECLARED_SELECTOR = YES;
				GCC_WARN_UNINITIALIZED_AUTOS = YES_AGGRESSIVE;
				GCC_WARN_UNUSED_FUNCTION = YES;
				GCC_WARN_UNUSED_VARIABLE = YES;
				IPHONEOS_DEPLOYMENT_TARGET = 16.1;
				MTL_ENABLE_DEBUG_INFO = NO;
				MTL_FAST_MATH = YES;
				SDKROOT = iphoneos;
				SWIFT_COMPILATION_MODE = wholemodule;
				SWIFT_OPTIMIZATION_LEVEL = "-O";
				VALIDATE_PRODUCT = YES;
			};
			name = Release;
		};
		4294338B291EE1BA0093F948 /* Debug */ = {
			isa = XCBuildConfiguration;
			buildSettings = {
				ASSETCATALOG_COMPILER_APPICON_NAME = AppIcon;
				ASSETCATALOG_COMPILER_GLOBAL_ACCENT_COLOR_NAME = AccentColor;
				CODE_SIGN_STYLE = Automatic;
				CURRENT_PROJECT_VERSION = 1;
				DEVELOPMENT_ASSET_PATHS = "\"logininterface/Preview Content\"";
				ENABLE_PREVIEWS = YES;
				GENERATE_INFOPLIST_FILE = YES;
				INFOPLIST_KEY_UIApplicationSceneManifest_Generation = YES;
				INFOPLIST_KEY_UIApplicationSupportsIndirectInputEvents = YES;
				INFOPLIST_KEY_UILaunchScreen_Generation = YES;
				INFOPLIST_KEY_UISupportedInterfaceOrientations_iPad = "UIInterfaceOrientationPortrait UIInterfaceOrientationPortraitUpsideDown UIInterfaceOrientationLandscapeLeft UIInterfaceOrientationLandscapeRight";
				INFOPLIST_KEY_UISupportedInterfaceOrientations_iPhone = "UIInterfaceOrientationPortrait UIInterfaceOrientationLandscapeLeft UIInterfaceOrientationLandscapeRight";
				LD_RUNPATH_SEARCH_PATHS = (
					"$(inherited)",
					"@executable_path/Frameworks",
				);
				MARKETING_VERSION = 1.0;
				PRODUCT_BUNDLE_IDENTIFIER = khedma.logininterface;
				PRODUCT_NAME = "$(TARGET_NAME)";
				SWIFT_EMIT_LOC_STRINGS = YES;
				SWIFT_VERSION = 5.0;
				TARGETED_DEVICE_FAMILY = "1,2";
			};
			name = Debug;
		};
		4294338C291EE1BA0093F948 /* Release */ = {
			isa = XCBuildConfiguration;
			buildSettings = {
				ASSETCATALOG_COMPILER_APPICON_NAME = AppIcon;
				ASSETCATALOG_COMPILER_GLOBAL_ACCENT_COLOR_NAME = AccentColor;
				CODE_SIGN_STYLE = Automatic;
				CURRENT_PROJECT_VERSION = 1;
				DEVELOPMENT_ASSET_PATHS = "\"logininterface/Preview Content\"";
				ENABLE_PREVIEWS = YES;
				GENERATE_INFOPLIST_FILE = YES;
				INFOPLIST_KEY_UIApplicationSceneManifest_Generation = YES;
				INFOPLIST_KEY_UIApplicationSupportsIndirectInputEvents = YES;
				INFOPLIST_KEY_UILaunchScreen_Generation = YES;
				INFOPLIST_KEY_UISupportedInterfaceOrientations_iPad = "UIInterfaceOrientationPortrait UIInterfaceOrientationPortraitUpsideDown UIInterfaceOrientationLandscapeLeft UIInterfaceOrientationLandscapeRight";
				INFOPLIST_KEY_UISupportedInterfaceOrientations_iPhone = "UIInterfaceOrientationPortrait UIInterfaceOrientationLandscapeLeft UIInterfaceOrientationLandscapeRight";
				LD_RUNPATH_SEARCH_PATHS = (
					"$(inherited)",
					"@executable_path/Frameworks",
				);
				MARKETING_VERSION = 1.0;
				PRODUCT_BUNDLE_IDENTIFIER = khedma.logininterface;
				PRODUCT_NAME = "$(TARGET_NAME)";
				SWIFT_EMIT_LOC_STRINGS = YES;
				SWIFT_VERSION = 5.0;
				TARGETED_DEVICE_FAMILY = "1,2";
			};
			name = Release;
		};
		4294338E291EE1BA0093F948 /* Debug */ = {
			isa = XCBuildConfiguration;
			buildSettings = {
				ALWAYS_EMBED_SWIFT_STANDARD_LIBRARIES = YES;
				BUNDLE_LOADER = "$(TEST_HOST)";
				CODE_SIGN_STYLE = Automatic;
				CURRENT_PROJECT_VERSION = 1;
				GENERATE_INFOPLIST_FILE = YES;
				IPHONEOS_DEPLOYMENT_TARGET = 16.1;
				MARKETING_VERSION = 1.0;
				PRODUCT_BUNDLE_IDENTIFIER = khedma.logininterfaceTests;
				PRODUCT_NAME = "$(TARGET_NAME)";
				SWIFT_EMIT_LOC_STRINGS = NO;
				SWIFT_VERSION = 5.0;
				TARGETED_DEVICE_FAMILY = "1,2";
				TEST_HOST = "$(BUILT_PRODUCTS_DIR)/logininterface.app/$(BUNDLE_EXECUTABLE_FOLDER_PATH)/logininterface";
			};
			name = Debug;
		};
		4294338F291EE1BA0093F948 /* Release */ = {
			isa = XCBuildConfiguration;
			buildSettings = {
				ALWAYS_EMBED_SWIFT_STANDARD_LIBRARIES = YES;
				BUNDLE_LOADER = "$(TEST_HOST)";
				CODE_SIGN_STYLE = Automatic;
				CURRENT_PROJECT_VERSION = 1;
				GENERATE_INFOPLIST_FILE = YES;
				IPHONEOS_DEPLOYMENT_TARGET = 16.1;
				MARKETING_VERSION = 1.0;
				PRODUCT_BUNDLE_IDENTIFIER = khedma.logininterfaceTests;
				PRODUCT_NAME = "$(TARGET_NAME)";
				SWIFT_EMIT_LOC_STRINGS = NO;
				SWIFT_VERSION = 5.0;
				TARGETED_DEVICE_FAMILY = "1,2";
				TEST_HOST = "$(BUILT_PRODUCTS_DIR)/logininterface.app/$(BUNDLE_EXECUTABLE_FOLDER_PATH)/logininterface";
			};
			name = Release;
		};
		42943391291EE1BA0093F948 /* Debug */ = {
			isa = XCBuildConfiguration;
			buildSettings = {
				ALWAYS_EMBED_SWIFT_STANDARD_LIBRARIES = YES;
				CODE_SIGN_STYLE = Automatic;
				CURRENT_PROJECT_VERSION = 1;
				GENERATE_INFOPLIST_FILE = YES;
				MARKETING_VERSION = 1.0;
				PRODUCT_BUNDLE_IDENTIFIER = khedma.logininterfaceUITests;
				PRODUCT_NAME = "$(TARGET_NAME)";
				SWIFT_EMIT_LOC_STRINGS = NO;
				SWIFT_VERSION = 5.0;
				TARGETED_DEVICE_FAMILY = "1,2";
				TEST_TARGET_NAME = logininterface;
			};
			name = Debug;
		};
		42943392291EE1BA0093F948 /* Release */ = {
			isa = XCBuildConfiguration;
			buildSettings = {
				ALWAYS_EMBED_SWIFT_STANDARD_LIBRARIES = YES;
				CODE_SIGN_STYLE = Automatic;
				CURRENT_PROJECT_VERSION = 1;
				GENERATE_INFOPLIST_FILE = YES;
				MARKETING_VERSION = 1.0;
				PRODUCT_BUNDLE_IDENTIFIER = khedma.logininterfaceUITests;
				PRODUCT_NAME = "$(TARGET_NAME)";
				SWIFT_EMIT_LOC_STRINGS = NO;
				SWIFT_VERSION = 5.0;
				TARGETED_DEVICE_FAMILY = "1,2";
				TEST_TARGET_NAME = logininterface;
			};
			name = Release;
		};
/* End XCBuildConfiguration section */

/* Begin XCConfigurationList section */
		42943361291EE1B80093F948 /* Build configuration list for PBXProject "logininterface" */ = {
			isa = XCConfigurationList;
			buildConfigurations = (
				42943388291EE1BA0093F948 /* Debug */,
				42943389291EE1BA0093F948 /* Release */,
			);
			defaultConfigurationIsVisible = 0;
			defaultConfigurationName = Release;
		};
		4294338A291EE1BA0093F948 /* Build configuration list for PBXNativeTarget "logininterface" */ = {
			isa = XCConfigurationList;
			buildConfigurations = (
				4294338B291EE1BA0093F948 /* Debug */,
				4294338C291EE1BA0093F948 /* Release */,
			);
			defaultConfigurationIsVisible = 0;
			defaultConfigurationName = Release;
		};
		4294338D291EE1BA0093F948 /* Build configuration list for PBXNativeTarget "logininterfaceTests" */ = {
			isa = XCConfigurationList;
			buildConfigurations = (
				4294338E291EE1BA0093F948 /* Debug */,
				4294338F291EE1BA0093F948 /* Release */,
			);
			defaultConfigurationIsVisible = 0;
			defaultConfigurationName = Release;
		};
		42943390291EE1BA0093F948 /* Build configuration list for PBXNativeTarget "logininterfaceUITests" */ = {
			isa = XCConfigurationList;
			buildConfigurations = (
				42943391291EE1BA0093F948 /* Debug */,
				42943392291EE1BA0093F948 /* Release */,
			);
			defaultConfigurationIsVisible = 0;
			defaultConfigurationName = Release;
		};
/* End XCConfigurationList section */
	};
	rootObject = 4294335E291EE1B80093F948 /* Project object */;
}
